# This file is automatically @generated by Cargo.
# It is not intended for manual editing.
version = 3

[[package]]
name = "ropey"
version = "1.5.0"
source = "registry+https://github.com/rust-lang/crates.io-index"
checksum = "bbd22239fafefc42138ca5da064f3c17726a80d2379d817a3521240e78dd0064"
dependencies = [
 "smallvec",
 "str_indices",
]

[[package]]
name = "smallvec"
version = "1.10.0"
source = "registry+https://github.com/rust-lang/crates.io-index"
checksum = "a507befe795404456341dfab10cef66ead4c041f62b8b11bbb92bffe5d0953e0"

[[package]]
name = "str_indices"
version = "0.4.0"
source = "registry+https://github.com/rust-lang/crates.io-index"
checksum = "9d9199fa80c817e074620be84374a520062ebac833f358d74b37060ce4a0f2c0"

[[package]]
name = "test-ropey"
version = "0.1.0"
dependencies = [
 "ropey",
]
